
Microsoft Visual Studio Solution File, Format Version 12.00
# Visual Studio Version 17
VisualStudioVersion = 17.1.32319.34
MinimumVisualStudioVersion = 10.0.40219.1
Project("{FAE04EC0-301F-11D3-BF4B-00C04F79EFBC}") = "Sirvi_Meeli-Kodutöö_nr_02", "Sirvi_Meeli-Kodutöö_nr_02\Sirvi_Meeli-Kodutöö_nr_02.csproj", "{01FDC4EC-133D-4A03-B95B-6B2403B02CA6}"
EndProject
Global
	GlobalSection(SolutionConfigurationPlatforms) = preSolution
		Debug|Any CPU = Debug|Any CPU
		Release|Any CPU = Release|Any CPU
	EndGlobalSection
	GlobalSection(ProjectConfigurationPlatforms) = postSolution
		{01FDC4EC-133D-4A03-B95B-6B2403B02CA6}.Debug|Any CPU.ActiveCfg = Debug|Any CPU
		{01FDC4EC-133D-4A03-B95B-6B2403B02CA6}.Debug|Any CPU.Build.0 = Debug|Any CPU
		{01FDC4EC-133D-4A03-B95B-6B2403B02CA6}.Release|Any CPU.ActiveCfg = Release|Any CPU
		{01FDC4EC-133D-4A03-B95B-6B2403B02CA6}.Release|Any CPU.Build.0 = Release|Any CPU
	EndGlobalSection
	GlobalSection(SolutionProperties) = preSolution
		HideSolutionNode = FALSE
	EndGlobalSection
	GlobalSection(ExtensibilityGlobals) = postSolution
		SolutionGuid = {54196923-664C-462E-94DE-8F30AA984402}
	EndGlobalSection
EndGlobal
